
Microsoft Visual Studio Solution File, Format Version 12.00
# Visual Studio Version 17
VisualStudioVersion = 17.10.35013.160
MinimumVisualStudioVersion = 10.0.40219.1
Project("{FAE04EC0-301F-11D3-BF4B-00C04F79EFBC}") = "Bacud_MP1", "Bacud_MP1\Bacud_MP1.csproj", "{CBACFB2F-431F-4675-B434-41B1665CF2FF}"
EndProject
Global
	GlobalSection(SolutionConfigurationPlatforms) = preSolution
		Debug|Any CPU = Debug|Any CPU
		Release|Any CPU = Release|Any CPU
	EndGlobalSection
	GlobalSection(ProjectConfigurationPlatforms) = postSolution
		{CBACFB2F-431F-4675-B434-41B1665CF2FF}.Debug|Any CPU.ActiveCfg = Debug|Any CPU
		{CBACFB2F-431F-4675-B434-41B1665CF2FF}.Debug|Any CPU.Build.0 = Debug|Any CPU
		{CBACFB2F-431F-4675-B434-41B1665CF2FF}.Release|Any CPU.ActiveCfg = Release|Any CPU
		{CBACFB2F-431F-4675-B434-41B1665CF2FF}.Release|Any CPU.Build.0 = Release|Any CPU
	EndGlobalSection
	GlobalSection(SolutionProperties) = preSolution
		HideSolutionNode = FALSE
	EndGlobalSection
	GlobalSection(ExtensibilityGlobals) = postSolution
		SolutionGuid = {F4A36A93-232D-48F1-84BB-910539A1B8B1}
	EndGlobalSection
EndGlobal
